# This file is generated by running "yarn install" inside your project.
# Manual changes might be lost - proceed with caution!

__metadata:
  version: 8
  cacheKey: 10c0

"@redis/bloom@npm:1.2.0":
  version: 1.2.0
  resolution: "@redis/bloom@npm:1.2.0"
  peerDependencies:
    "@redis/client": ^1.0.0
  checksum: 10c0/7dde8e67188164e96226c8a5c78ebd2801f1662947371e78fb95fb180c1e9ddff8d237012eb5e9182775be61cb546f67f759927cdaee0d178d863ee290e1fb27
  languageName: node
  linkType: hard

"@redis/client@npm:1.6.0":
  version: 1.6.0
  resolution: "@redis/client@npm:1.6.0"
  dependencies:
    cluster-key-slot: "npm:1.1.2"
    generic-pool: "npm:3.9.0"
    yallist: "npm:4.0.0"
  checksum: 10c0/c80a01b4f72d32284515dac6d1aefe0e9c881d08b8db33281f87b51650c1c116b18074a29ca81599d15dccb37b29eef9b26a75a5755150ae27d163e680c34bf6
  languageName: node
  linkType: hard

"@redis/graph@npm:1.1.1":
  version: 1.1.1
  resolution: "@redis/graph@npm:1.1.1"
  peerDependencies:
    "@redis/client": ^1.0.0
  checksum: 10c0/64199db2cb3669c4911af8aba3b7116c4c2c1df37ca74b2a65555e62c863935a0cea74bc41bd92acf2e551074eb2a30c75f54a9f439b40e0f9bb67fc5fb66614
  languageName: node
  linkType: hard

"@redis/json@npm:1.0.7":
  version: 1.0.7
  resolution: "@redis/json@npm:1.0.7"
  peerDependencies:
    "@redis/client": ^1.0.0
  checksum: 10c0/cef473711d66f7568a16edbd728acca7d237cfeaa15e0326b5b628dfab4afc0c76c7354e7f8efad6ecc64a1cb774e4aa060ee46497b633e18ba0a2f0aace1cc4
  languageName: node
  linkType: hard

"@redis/search@npm:1.2.0":
  version: 1.2.0
  resolution: "@redis/search@npm:1.2.0"
  peerDependencies:
    "@redis/client": ^1.0.0
  checksum: 10c0/01d57ac10d2c5698e04e4a2f945440db3087e8834643ca950c099879dbcd77526604ca6f5c2ee883dfd4b337b0a24cb7d81ac56845aa83f89a4f161362a08dc6
  languageName: node
  linkType: hard

"@redis/time-series@npm:1.1.0":
  version: 1.1.0
  resolution: "@redis/time-series@npm:1.1.0"
  peerDependencies:
    "@redis/client": ^1.0.0
  checksum: 10c0/503d0d5cbc9113d26666bb7b4dea57619badbcdfeee0369abf647250f26c5482ed5827c83f88f9f0cf22e021e3e7cb562459669d733fac05652972e208d6ba0f
  languageName: node
  linkType: hard

"cluster-key-slot@npm:1.1.2":
  version: 1.1.2
  resolution: "cluster-key-slot@npm:1.1.2"
  checksum: 10c0/d7d39ca28a8786e9e801eeb8c770e3c3236a566625d7299a47bb71113fb2298ce1039596acb82590e598c52dbc9b1f088c8f587803e697cb58e1867a95ff94d3
  languageName: node
  linkType: hard

"generic-pool@npm:3.9.0":
  version: 3.9.0
  resolution: "generic-pool@npm:3.9.0"
  checksum: 10c0/6b314d0d71170d5cbaf7162c423f53f8d6556b2135626a65bcdc03c089840b0a2f59eeb2d907939b8200e945eaf71ceb6630426f22d2128a1d242aec4b232aa7
  languageName: node
  linkType: hard

"kleinanzeigen-crawler@workspace:.":
  version: 0.0.0-use.local
  resolution: "kleinanzeigen-crawler@workspace:."
  dependencies:
    nodemailer: "npm:^6.10.1"
    prettier: "npm:^3.5.3"
    redis: "npm:^4.7.0"
  languageName: unknown
  linkType: soft

"nodemailer@npm:^6.10.1":
  version: 6.10.1
  resolution: "nodemailer@npm:6.10.1"
  checksum: 10c0/e81fde258ea4f4e5646e9e3eebe89294d007939999d2d1a8c96c5488fa00bf659e46cf76fccb2697e9aa6ef9807a1ed47ff2aef6ad30b795e3849b6997066d16
  languageName: node
  linkType: hard

"prettier@npm:^3.5.3":
  version: 3.5.3
  resolution: "prettier@npm:3.5.3"
  bin:
    prettier: bin/prettier.cjs
  checksum: 10c0/3880cb90b9dc0635819ab52ff571518c35bd7f15a6e80a2054c05dbc8a3aa6e74f135519e91197de63705bcb38388ded7e7230e2178432a1468005406238b877
  languageName: node
  linkType: hard

"redis@npm:^4.7.0":
  version: 4.7.0
  resolution: "redis@npm:4.7.0"
  dependencies:
    "@redis/bloom": "npm:1.2.0"
    "@redis/client": "npm:1.6.0"
    "@redis/graph": "npm:1.1.1"
    "@redis/json": "npm:1.0.7"
    "@redis/search": "npm:1.2.0"
    "@redis/time-series": "npm:1.1.0"
  checksum: 10c0/a05632a58adbcaa4566238073cd6d00ed008522d2ef015a31aaef200c184a4eff4fa007c514eda91dda1e1205350b5901d0c7b58824dbfa593feb81a0087bf4d
  languageName: node
  linkType: hard

"yallist@npm:4.0.0":
  version: 4.0.0
  resolution: "yallist@npm:4.0.0"
  checksum: 10c0/2286b5e8dbfe22204ab66e2ef5cc9bbb1e55dfc873bbe0d568aa943eb255d131890dfd5bf243637273d31119b870f49c18fcde2c6ffbb7a7a092b870dc90625a
  languageName: node
  linkType: hard
