# This file is generated by running "yarn install" inside your project.
# Manual changes might be lost - proceed with caution!

__metadata:
  version: 8
  cacheKey: 10c0

"kleinanzeigen-crawler@workspace:.":
  version: 0.0.0-use.local
  resolution: "kleinanzeigen-crawler@workspace:."
  dependencies:
    nodemailer: "npm:^6.10.1"
    prettier: "npm:^3.5.3"
  languageName: unknown
  linkType: soft

"nodemailer@npm:^6.10.1":
  version: 6.10.1
  resolution: "nodemailer@npm:6.10.1"
  checksum: 10c0/e81fde258ea4f4e5646e9e3eebe89294d007939999d2d1a8c96c5488fa00bf659e46cf76fccb2697e9aa6ef9807a1ed47ff2aef6ad30b795e3849b6997066d16
  languageName: node
  linkType: hard

"prettier@npm:^3.5.3":
  version: 3.5.3
  resolution: "prettier@npm:3.5.3"
  bin:
    prettier: bin/prettier.cjs
  checksum: 10c0/3880cb90b9dc0635819ab52ff571518c35bd7f15a6e80a2054c05dbc8a3aa6e74f135519e91197de63705bcb38388ded7e7230e2178432a1468005406238b877
  languageName: node
  linkType: hard
